
Microsoft Visual Studio Solution File, Format Version 12.00
# Visual Studio Version 16
VisualStudioVersion = 16.0.30907.101
MinimumVisualStudioVersion = 10.0.40219.1
Project("{FAE04EC0-301F-11D3-BF4B-00C04F79EFBC}") = "CalDiet", "CalDiet.csproj", "{9EF703D7-F86F-40F7-AC4D-DED08C700FC2}"
EndProject
Global
	GlobalSection(SolutionConfigurationPlatforms) = preSolution
		Debug|Any CPU = Debug|Any CPU
		Release|Any CPU = Release|Any CPU
	EndGlobalSection
	GlobalSection(ProjectConfigurationPlatforms) = postSolution
		{9EF703D7-F86F-40F7-AC4D-DED08C700FC2}.Debug|Any CPU.ActiveCfg = Debug|Any CPU
		{9EF703D7-F86F-40F7-AC4D-DED08C700FC2}.Debug|Any CPU.Build.0 = Debug|Any CPU
		{9EF703D7-F86F-40F7-AC4D-DED08C700FC2}.Release|Any CPU.ActiveCfg = Release|Any CPU
		{9EF703D7-F86F-40F7-AC4D-DED08C700FC2}.Release|Any CPU.Build.0 = Release|Any CPU
	EndGlobalSection
	GlobalSection(SolutionProperties) = preSolution
		HideSolutionNode = FALSE
	EndGlobalSection
	GlobalSection(ExtensibilityGlobals) = postSolution
		SolutionGuid = {4EC911EA-E6AC-4832-B16C-D0FBD7823716}
	EndGlobalSection
EndGlobal
